
Microsoft Visual Studio Solution File, Format Version 12.00
# Visual Studio Version 17
VisualStudioVersion = 17.13.35919.96
MinimumVisualStudioVersion = 10.0.40219.1
Project("{FAE04EC0-301F-11D3-BF4B-00C04F79EFBC}") = "Web", "NoFilterForum\Web.csproj", "{2DE4B4FB-D087-42C6-9D03-F668E8203298}"
EndProject
Project("{FAE04EC0-301F-11D3-BF4B-00C04F79EFBC}") = "Core", "Core\Core.csproj", "{345F4C22-4797-4A67-855C-1F1AB6970074}"
EndProject
Project("{FAE04EC0-301F-11D3-BF4B-00C04F79EFBC}") = "Infrastructure", "Infrastructure\Infrastructure.csproj", "{33684F17-173B-43B9-91F7-15B5E1E18247}"
EndProject
Project("{FAE04EC0-301F-11D3-BF4B-00C04F79EFBC}") = "UnitTests", "UnitTests\UnitTests.csproj", "{5901F02A-D641-40F0-8759-F0E6BC442C32}"
EndProject
Global
	GlobalSection(SolutionConfigurationPlatforms) = preSolution
		Debug|Any CPU = Debug|Any CPU
		Release|Any CPU = Release|Any CPU
	EndGlobalSection
	GlobalSection(ProjectConfigurationPlatforms) = postSolution
		{2DE4B4FB-D087-42C6-9D03-F668E8203298}.Debug|Any CPU.ActiveCfg = Debug|Any CPU
		{2DE4B4FB-D087-42C6-9D03-F668E8203298}.Debug|Any CPU.Build.0 = Debug|Any CPU
		{2DE4B4FB-D087-42C6-9D03-F668E8203298}.Release|Any CPU.ActiveCfg = Release|Any CPU
		{2DE4B4FB-D087-42C6-9D03-F668E8203298}.Release|Any CPU.Build.0 = Release|Any CPU
		{345F4C22-4797-4A67-855C-1F1AB6970074}.Debug|Any CPU.ActiveCfg = Debug|Any CPU
		{345F4C22-4797-4A67-855C-1F1AB6970074}.Debug|Any CPU.Build.0 = Debug|Any CPU
		{345F4C22-4797-4A67-855C-1F1AB6970074}.Release|Any CPU.ActiveCfg = Release|Any CPU
		{345F4C22-4797-4A67-855C-1F1AB6970074}.Release|Any CPU.Build.0 = Release|Any CPU
		{33684F17-173B-43B9-91F7-15B5E1E18247}.Debug|Any CPU.ActiveCfg = Debug|Any CPU
		{33684F17-173B-43B9-91F7-15B5E1E18247}.Debug|Any CPU.Build.0 = Debug|Any CPU
		{33684F17-173B-43B9-91F7-15B5E1E18247}.Release|Any CPU.ActiveCfg = Release|Any CPU
		{33684F17-173B-43B9-91F7-15B5E1E18247}.Release|Any CPU.Build.0 = Release|Any CPU
		{5901F02A-D641-40F0-8759-F0E6BC442C32}.Debug|Any CPU.ActiveCfg = Debug|Any CPU
		{5901F02A-D641-40F0-8759-F0E6BC442C32}.Debug|Any CPU.Build.0 = Debug|Any CPU
		{5901F02A-D641-40F0-8759-F0E6BC442C32}.Release|Any CPU.ActiveCfg = Release|Any CPU
		{5901F02A-D641-40F0-8759-F0E6BC442C32}.Release|Any CPU.Build.0 = Release|Any CPU
	EndGlobalSection
	GlobalSection(SolutionProperties) = preSolution
		HideSolutionNode = FALSE
	EndGlobalSection
	GlobalSection(ExtensibilityGlobals) = postSolution
		SolutionGuid = {D7D50EE9-7489-41BF-ABC5-51EC844EAD8C}
	EndGlobalSection
EndGlobal
